#MicroXplorer Configuration settings - do not modify
ADC1.Channel-33\#ChannelRegularConversion=ADC_CHANNEL_0
ADC1.ClockPrescaler=ADC_CLOCK_SYNC_PCLK_DIV4
ADC1.ContinuousConvMode=DISABLE
ADC1.DMAContinuousRequests=DISABLE
ADC1.DataAlign=ADC_DATAALIGN_RIGHT
ADC1.DiscontinuousConvMode=DISABLE
ADC1.EOCSelection=ADC_EOC_SINGLE_CONV
ADC1.EnableAnalogWatchDog=false
ADC1.ExternalTrigConv=ADC_SOFTWARE_START
ADC1.ExternalTrigConvEdge=ADC_EXTERNALTRIGCONVEDGE_NONE
ADC1.IPParameters=Rank-33\#ChannelRegularConversion,Channel-33\#ChannelRegularConversion,SamplingTime-33\#ChannelRegularConversion,NbrOfConversionFlag,master,ClockPrescaler,Resolution,DataAlign,ScanConvMode,ContinuousConvMode,DiscontinuousConvMode,DMAContinuousRequests,EOCSelection,NbrOfConversion,ExternalTrigConv,ExternalTrigConvEdge,InjNumberOfConversion,EnableAnalogWatchDog
ADC1.InjNumberOfConversion=0
ADC1.NbrOfConversion=1
ADC1.NbrOfConversionFlag=1
ADC1.Rank-33\#ChannelRegularConversion=1
ADC1.Resolution=ADC_RESOLUTION_12B
ADC1.SamplingTime-33\#ChannelRegularConversion=ADC_SAMPLETIME_3CYCLES
ADC1.ScanConvMode=DISABLE
ADC1.master=1
ADC2.Channel-13\#ChannelRegularConversion=ADC_CHANNEL_1
ADC2.ClockPrescaler=ADC_CLOCK_SYNC_PCLK_DIV4
ADC2.ContinuousConvMode=DISABLE
ADC2.DMAContinuousRequests=DISABLE
ADC2.DataAlign=ADC_DATAALIGN_RIGHT
ADC2.DiscontinuousConvMode=DISABLE
ADC2.EOCSelection=ADC_EOC_SINGLE_CONV
ADC2.EnableAnalogWatchDog=false
ADC2.ExternalTrigConv=ADC_SOFTWARE_START
ADC2.ExternalTrigConvEdge=ADC_EXTERNALTRIGCONVEDGE_NONE
ADC2.IPParameters=Rank-13\#ChannelRegularConversion,Channel-13\#ChannelRegularConversion,SamplingTime-13\#ChannelRegularConversion,NbrOfConversionFlag,ClockPrescaler,Resolution,DataAlign,ScanConvMode,ContinuousConvMode,DiscontinuousConvMode,DMAContinuousRequests,EOCSelection,NbrOfConversion,ExternalTrigConv,ExternalTrigConvEdge,InjNumberOfConversion,EnableAnalogWatchDog
ADC2.InjNumberOfConversion=0
ADC2.NbrOfConversion=1
ADC2.NbrOfConversionFlag=1
ADC2.Rank-13\#ChannelRegularConversion=1
ADC2.Resolution=ADC_RESOLUTION_12B
ADC2.SamplingTime-13\#ChannelRegularConversion=ADC_SAMPLETIME_3CYCLES
ADC2.ScanConvMode=DISABLE
FSMC.DataSetupTime1=60
FSMC.ExtendedAddressSetupTime1=3
FSMC.ExtendedDataSetupTime1=2
FSMC.ExtendedMode1=FSMC_EXTENDED_MODE_ENABLE
FSMC.IPParameters=ExtendedMode1,DataSetupTime1,ExtendedAddressSetupTime1,ExtendedDataSetupTime1
File.Version=6
KeepUserPlacement=true
Mcu.Family=STM32F4
Mcu.IP0=ADC1
Mcu.IP1=ADC2
Mcu.IP2=FSMC
Mcu.IP3=NVIC
Mcu.IP4=RCC
Mcu.IP5=SYS
Mcu.IP6=TIM3
Mcu.IP7=USART1
Mcu.IPNb=8
Mcu.Name=STM32F407V(E-G)Tx
Mcu.Package=LQFP100
Mcu.Pin0=PH0-OSC_IN
Mcu.Pin1=PH1-OSC_OUT
Mcu.Pin10=PE11
Mcu.Pin11=PE12
Mcu.Pin12=PE13
Mcu.Pin13=PE14
Mcu.Pin14=PE15
Mcu.Pin15=PD8
Mcu.Pin16=PD9
Mcu.Pin17=PD10
Mcu.Pin18=PD11
Mcu.Pin19=PD12
Mcu.Pin2=PA0-WKUP
Mcu.Pin20=PD13
Mcu.Pin21=PD14
Mcu.Pin22=PD15
Mcu.Pin23=PA8
Mcu.Pin24=PA9
Mcu.Pin25=PA10
Mcu.Pin26=PD0
Mcu.Pin27=PD1
Mcu.Pin28=PD4
Mcu.Pin29=PD5
Mcu.Pin3=PA1
Mcu.Pin30=PD7
Mcu.Pin31=PB3
Mcu.Pin32=PB5
Mcu.Pin33=PB7
Mcu.Pin34=PB9
Mcu.Pin35=PE1
Mcu.Pin36=VP_SYS_VS_Systick
Mcu.Pin37=VP_TIM3_VS_ClockSourceINT
Mcu.Pin4=PA5
Mcu.Pin5=PB1
Mcu.Pin6=PE7
Mcu.Pin7=PE8
Mcu.Pin8=PE9
Mcu.Pin9=PE10
Mcu.PinsNb=38
Mcu.UserConstants=
Mcu.UserName=STM32F407VETx
MxCube.Version=4.20.1
MxDb.Version=DB.4.0.200
NVIC.BusFault_IRQn=true\:0\:0\:false\:false\:true
NVIC.DebugMonitor_IRQn=true\:0\:0\:false\:false\:true
NVIC.HardFault_IRQn=true\:0\:0\:false\:false\:true
NVIC.MemoryManagement_IRQn=true\:0\:0\:false\:false\:true
NVIC.NonMaskableInt_IRQn=true\:0\:0\:false\:false\:true
NVIC.PendSV_IRQn=true\:0\:0\:false\:false\:true
NVIC.PriorityGroup=NVIC_PRIORITYGROUP_2
NVIC.SVCall_IRQn=true\:0\:0\:false\:false\:true
NVIC.SysTick_IRQn=true\:0\:0\:false\:false\:true
NVIC.TIM3_IRQn=true\:3\:3\:true\:false\:true
NVIC.UsageFault_IRQn=true\:0\:0\:false\:false\:true
PA0-WKUP.Signal=ADCx_IN0
PA1.Signal=ADCx_IN1
PA10.Locked=true
PA10.Mode=Asynchronous
PA10.Signal=USART1_RX
PA5.GPIOParameters=GPIO_PuPd,GPIO_Mode
PA5.GPIO_Mode=GPIO_MODE_INPUT
PA5.GPIO_PuPd=GPIO_NOPULL
PA5.Locked=true
PA5.Signal=GPIO_Input
PA8.GPIOParameters=GPIO_PuPd,GPIO_Mode
PA8.GPIO_Mode=GPIO_MODE_INPUT
PA8.GPIO_PuPd=GPIO_NOPULL
PA8.Locked=true
PA8.Signal=GPIO_Input
PA9.GPIOParameters=GPIO_Mode
PA9.GPIO_Mode=GPIO_MODE_AF_PP
PA9.Locked=true
PA9.Mode=Asynchronous
PA9.Signal=USART1_TX
PB1.GPIOParameters=GPIO_PuPd,GPIO_Mode
PB1.GPIO_Mode=GPIO_MODE_INPUT
PB1.GPIO_PuPd=GPIO_NOPULL
PB1.Locked=true
PB1.Signal=GPIO_Input
PB3.GPIOParameters=GPIO_Speed,PinState,GPIO_PuPd,GPIO_ModeDefaultOutputPP
PB3.GPIO_ModeDefaultOutputPP=GPIO_MODE_OUTPUT_PP
PB3.GPIO_PuPd=GPIO_NOPULL
PB3.GPIO_Speed=GPIO_SPEED_FREQ_LOW
PB3.Locked=true
PB3.PinState=GPIO_PIN_RESET
PB3.Signal=GPIO_Output
PB5.GPIOParameters=GPIO_Speed,PinState,GPIO_PuPd,GPIO_ModeDefaultOutputPP
PB5.GPIO_ModeDefaultOutputPP=GPIO_MODE_OUTPUT_PP
PB5.GPIO_PuPd=GPIO_NOPULL
PB5.GPIO_Speed=GPIO_SPEED_FREQ_LOW
PB5.Locked=true
PB5.PinState=GPIO_PIN_RESET
PB5.Signal=GPIO_Output
PB7.GPIOParameters=GPIO_Speed,PinState,GPIO_PuPd,GPIO_ModeDefaultOutputPP
PB7.GPIO_ModeDefaultOutputPP=GPIO_MODE_OUTPUT_PP
PB7.GPIO_PuPd=GPIO_NOPULL
PB7.GPIO_Speed=GPIO_SPEED_FREQ_LOW
PB7.Locked=true
PB7.PinState=GPIO_PIN_RESET
PB7.Signal=GPIO_Output
PB9.GPIOParameters=GPIO_Speed,PinState,GPIO_PuPd,GPIO_ModeDefaultOutputPP
PB9.GPIO_ModeDefaultOutputPP=GPIO_MODE_OUTPUT_PP
PB9.GPIO_PuPd=GPIO_NOPULL
PB9.GPIO_Speed=GPIO_SPEED_FREQ_LOW
PB9.Locked=true
PB9.PinState=GPIO_PIN_RESET
PB9.Signal=GPIO_Output
PCC.Checker=false
PCC.Line=STM32F407/417
PCC.MCU=STM32F407V(E-G)Tx
PCC.MXVersion=4.20.1
PCC.PartNumber=STM32F407VETx
PCC.Seq0=1
PCC.Seq0.Step0.Average_Current=44.27 mA
PCC.Seq0.Step0.CPU_Frequency=168.0 MHz
PCC.Seq0.Step0.Category=In DS Table
PCC.Seq0.Step0.DMIPS=210.0
PCC.Seq0.Step0.Duration=1 s
PCC.Seq0.Step0.Frequency=4.0 MHz
PCC.Seq0.Step0.Memory=RAM/FLASH/ART
PCC.Seq0.Step0.Mode=RUN
PCC.Seq0.Step0.Oscillator=HSE PLL
PCC.Seq0.Step0.Peripherals=FSMC GPIOA GPIOB GPIOD GPIOE GPIOH
PCC.Seq0.Step0.TaMax=98.72
PCC.Seq0.Step0.User's_Consumption=0 mA
PCC.Seq0.Step0.Vcore=Scale1-High
PCC.Seq0.Step0.Vdd=3.3
PCC.Seq0.Step0.Voltage_Source=Battery
PCC.Series=STM32F4
PCC.Temperature=25
PCC.Vdd=3.3
PD0.GPIOParameters=GPIO_PuPd,GPIO_Speed_High_Default,GPIO_Mode
PD0.GPIO_Mode=GPIO_MODE_AF_PP
PD0.GPIO_PuPd=GPIO_PULLUP
PD0.GPIO_Speed_High_Default=GPIO_SPEED_FREQ_VERY_HIGH
PD0.Mode=16b-d1
PD0.Signal=FSMC_D2
PD1.GPIOParameters=GPIO_PuPd,GPIO_Speed_High_Default,GPIO_Mode
PD1.GPIO_Mode=GPIO_MODE_AF_PP
PD1.GPIO_PuPd=GPIO_PULLUP
PD1.GPIO_Speed_High_Default=GPIO_SPEED_FREQ_VERY_HIGH
PD1.Mode=16b-d1
PD1.Signal=FSMC_D3
PD10.GPIOParameters=GPIO_PuPd,GPIO_Speed_High_Default,GPIO_Mode
PD10.GPIO_Mode=GPIO_MODE_AF_PP
PD10.GPIO_PuPd=GPIO_PULLUP
PD10.GPIO_Speed_High_Default=GPIO_SPEED_FREQ_VERY_HIGH
PD10.Mode=16b-d1
PD10.Signal=FSMC_D15
PD11.GPIOParameters=GPIO_PuPd,GPIO_Speed_High_Default,GPIO_Mode
PD11.GPIO_Mode=GPIO_MODE_AF_PP
PD11.GPIO_PuPd=GPIO_PULLUP
PD11.GPIO_Speed_High_Default=GPIO_SPEED_FREQ_VERY_HIGH
PD11.Mode=A16_1
PD11.Signal=FSMC_A16
PD12.GPIOParameters=GPIO_Speed,PinState,GPIO_PuPd,GPIO_ModeDefaultOutputPP
PD12.GPIO_ModeDefaultOutputPP=GPIO_MODE_OUTPUT_PP
PD12.GPIO_PuPd=GPIO_NOPULL
PD12.GPIO_Speed=GPIO_SPEED_FREQ_LOW
PD12.Locked=true
PD12.PinState=GPIO_PIN_RESET
PD12.Signal=GPIO_Output
PD13.GPIOParameters=GPIO_Speed,PinState,GPIO_PuPd,GPIO_ModeDefaultOutputPP
PD13.GPIO_ModeDefaultOutputPP=GPIO_MODE_OUTPUT_PP
PD13.GPIO_PuPd=GPIO_NOPULL
PD13.GPIO_Speed=GPIO_SPEED_FREQ_LOW
PD13.Locked=true
PD13.PinState=GPIO_PIN_RESET
PD13.Signal=GPIO_Output
PD14.GPIOParameters=GPIO_PuPd,GPIO_Speed_High_Default,GPIO_Mode
PD14.GPIO_Mode=GPIO_MODE_AF_PP
PD14.GPIO_PuPd=GPIO_PULLUP
PD14.GPIO_Speed_High_Default=GPIO_SPEED_FREQ_VERY_HIGH
PD14.Mode=16b-d1
PD14.Signal=FSMC_D0
PD15.GPIOParameters=GPIO_PuPd,GPIO_Speed_High_Default,GPIO_Mode
PD15.GPIO_Mode=GPIO_MODE_AF_PP
PD15.GPIO_PuPd=GPIO_PULLUP
PD15.GPIO_Speed_High_Default=GPIO_SPEED_FREQ_VERY_HIGH
PD15.Mode=16b-d1
PD15.Signal=FSMC_D1
PD4.GPIOParameters=GPIO_PuPd,GPIO_Speed_High_Default,GPIO_Mode
PD4.GPIO_Mode=GPIO_MODE_AF_PP
PD4.GPIO_PuPd=GPIO_PULLUP
PD4.GPIO_Speed_High_Default=GPIO_SPEED_FREQ_VERY_HIGH
PD4.Mode=Lcd1
PD4.Signal=FSMC_NOE
PD5.GPIOParameters=GPIO_PuPd,GPIO_Speed_High_Default,GPIO_Mode
PD5.GPIO_Mode=GPIO_MODE_AF_PP
PD5.GPIO_PuPd=GPIO_PULLUP
PD5.GPIO_Speed_High_Default=GPIO_SPEED_FREQ_VERY_HIGH
PD5.Mode=Lcd1
PD5.Signal=FSMC_NWE
PD7.GPIOParameters=GPIO_PuPd,GPIO_Speed_High_Default,GPIO_Mode
PD7.GPIO_Mode=GPIO_MODE_AF_PP
PD7.GPIO_PuPd=GPIO_PULLUP
PD7.GPIO_Speed_High_Default=GPIO_SPEED_FREQ_VERY_HIGH
PD7.Mode=NorPsramChipSelect1_1
PD7.Signal=FSMC_NE1
PD8.GPIOParameters=GPIO_PuPd,GPIO_Speed_High_Default,GPIO_Mode
PD8.GPIO_Mode=GPIO_MODE_AF_PP
PD8.GPIO_PuPd=GPIO_PULLUP
PD8.GPIO_Speed_High_Default=GPIO_SPEED_FREQ_VERY_HIGH
PD8.Mode=16b-d1
PD8.Signal=FSMC_D13
PD9.GPIOParameters=GPIO_PuPd,GPIO_Speed_High_Default,GPIO_Mode
PD9.GPIO_Mode=GPIO_MODE_AF_PP
PD9.GPIO_PuPd=GPIO_PULLUP
PD9.GPIO_Speed_High_Default=GPIO_SPEED_FREQ_VERY_HIGH
PD9.Mode=16b-d1
PD9.Signal=FSMC_D14
PE1.GPIOParameters=GPIO_Speed,PinState,GPIO_PuPd,GPIO_ModeDefaultOutputPP
PE1.GPIO_ModeDefaultOutputPP=GPIO_MODE_OUTPUT_PP
PE1.GPIO_PuPd=GPIO_NOPULL
PE1.GPIO_Speed=GPIO_SPEED_FREQ_LOW
PE1.Locked=true
PE1.PinState=GPIO_PIN_RESET
PE1.Signal=GPIO_Output
PE10.GPIOParameters=GPIO_PuPd,GPIO_Speed_High_Default,GPIO_Mode
PE10.GPIO_Mode=GPIO_MODE_AF_PP
PE10.GPIO_PuPd=GPIO_PULLUP
PE10.GPIO_Speed_High_Default=GPIO_SPEED_FREQ_VERY_HIGH
PE10.Mode=16b-d1
PE10.Signal=FSMC_D7
PE11.GPIOParameters=GPIO_PuPd,GPIO_Speed_High_Default,GPIO_Mode
PE11.GPIO_Mode=GPIO_MODE_AF_PP
PE11.GPIO_PuPd=GPIO_PULLUP
PE11.GPIO_Speed_High_Default=GPIO_SPEED_FREQ_VERY_HIGH
PE11.Mode=16b-d1
PE11.Signal=FSMC_D8
PE12.GPIOParameters=GPIO_PuPd,GPIO_Speed_High_Default,GPIO_Mode
PE12.GPIO_Mode=GPIO_MODE_AF_PP
PE12.GPIO_PuPd=GPIO_PULLUP
PE12.GPIO_Speed_High_Default=GPIO_SPEED_FREQ_VERY_HIGH
PE12.Mode=16b-d1
PE12.Signal=FSMC_D9
PE13.GPIOParameters=GPIO_PuPd,GPIO_Speed_High_Default,GPIO_Mode
PE13.GPIO_Mode=GPIO_MODE_AF_PP
PE13.GPIO_PuPd=GPIO_PULLUP
PE13.GPIO_Speed_High_Default=GPIO_SPEED_FREQ_VERY_HIGH
PE13.Mode=16b-d1
PE13.Signal=FSMC_D10
PE14.GPIOParameters=GPIO_PuPd,GPIO_Speed_High_Default,GPIO_Mode
PE14.GPIO_Mode=GPIO_MODE_AF_PP
PE14.GPIO_PuPd=GPIO_PULLUP
PE14.GPIO_Speed_High_Default=GPIO_SPEED_FREQ_VERY_HIGH
PE14.Mode=16b-d1
PE14.Signal=FSMC_D11
PE15.GPIOParameters=GPIO_PuPd,GPIO_Speed_High_Default,GPIO_Mode
PE15.GPIO_Mode=GPIO_MODE_AF_PP
PE15.GPIO_PuPd=GPIO_PULLUP
PE15.GPIO_Speed_High_Default=GPIO_SPEED_FREQ_VERY_HIGH
PE15.Mode=16b-d1
PE15.Signal=FSMC_D12
PE7.GPIOParameters=GPIO_PuPd,GPIO_Speed_High_Default,GPIO_Mode
PE7.GPIO_Mode=GPIO_MODE_AF_PP
PE7.GPIO_PuPd=GPIO_PULLUP
PE7.GPIO_Speed_High_Default=GPIO_SPEED_FREQ_VERY_HIGH
PE7.Mode=16b-d1
PE7.Signal=FSMC_D4
PE8.GPIOParameters=GPIO_PuPd,GPIO_Speed_High_Default,GPIO_Mode
PE8.GPIO_Mode=GPIO_MODE_AF_PP
PE8.GPIO_PuPd=GPIO_PULLUP
PE8.GPIO_Speed_High_Default=GPIO_SPEED_FREQ_VERY_HIGH
PE8.Mode=16b-d1
PE8.Signal=FSMC_D5
PE9.GPIOParameters=GPIO_PuPd,GPIO_Speed_High_Default,GPIO_Mode
PE9.GPIO_Mode=GPIO_MODE_AF_PP
PE9.GPIO_PuPd=GPIO_PULLUP
PE9.GPIO_Speed_High_Default=GPIO_SPEED_FREQ_VERY_HIGH
PE9.Mode=16b-d1
PE9.Signal=FSMC_D6
PH0-OSC_IN.Mode=HSE-External-Oscillator
PH0-OSC_IN.Signal=RCC_OSC_IN
PH1-OSC_OUT.Mode=HSE-External-Oscillator
PH1-OSC_OUT.Signal=RCC_OSC_OUT
ProjectManager.AskForMigrate=true
ProjectManager.BackupPrevious=false
ProjectManager.CompilerOptimize=2
ProjectManager.ComputerToolchain=false
ProjectManager.CoupleFile=false
ProjectManager.CustomerFirmwarePackage=E\:/Program Files (x86)/STM32CubeMX/STM32Cube/Repository/STM32Cube_FW_F4_V1.16.0
ProjectManager.DefaultFWLocation=true
ProjectManager.DeletePrevious=true
ProjectManager.DeviceId=STM32F407VETx
ProjectManager.FirmwarePackage=STM32Cube FW_F4 V1.16.0
ProjectManager.FreePins=false
ProjectManager.HalAssertFull=false
ProjectManager.HeapSize=0x200
ProjectManager.KeepUserCode=true
ProjectManager.LastFirmware=true
ProjectManager.LibraryCopy=0
ProjectManager.PreviousToolchain=
ProjectManager.ProjectBuild=false
ProjectManager.ProjectFileName=ADC.ioc
ProjectManager.ProjectName=ADC
ProjectManager.StackSize=0x400
ProjectManager.TargetToolchain=MDK-ARM V5
ProjectManager.ToolChainLocation=
ProjectManager.UnderRoot=false
ProjectManager.functionlistsort=1-MX_GPIO_Init-GPIO-false-HAL,2-SystemClock_Config-RCC-false-HAL,3-MX_FSMC_Init-FSMC-false-HAL,4-MX_USART1_UART_Init-USART1-false-HAL,5-MX_ADC1_Init-ADC1-false-HAL,6-MX_ADC2_Init-ADC2-false-HAL,7-MX_TIM3_Init-TIM3-false-HAL
RCC.48MHZClocksFreq_Value=84000000
RCC.AHBFreq_Value=168000000
RCC.APB1CLKDivider=RCC_HCLK_DIV4
RCC.APB1Freq_Value=42000000
RCC.APB1TimFreq_Value=84000000
RCC.APB2CLKDivider=RCC_HCLK_DIV2
RCC.APB2Freq_Value=84000000
RCC.APB2TimFreq_Value=168000000
RCC.CortexFreq_Value=168000000
RCC.EthernetFreq_Value=168000000
RCC.FCLKCortexFreq_Value=168000000
RCC.FamilyName=M
RCC.HCLKFreq_Value=168000000
RCC.HSE_VALUE=8000000
RCC.HSI_VALUE=16000000
RCC.I2SClocksFreq_Value=192000000
RCC.IPParameters=48MHZClocksFreq_Value,AHBFreq_Value,APB1CLKDivider,APB1Freq_Value,APB1TimFreq_Value,APB2CLKDivider,APB2Freq_Value,APB2TimFreq_Value,CortexFreq_Value,EthernetFreq_Value,FCLKCortexFreq_Value,FamilyName,HCLKFreq_Value,HSE_VALUE,HSI_VALUE,I2SClocksFreq_Value,LSE_VALUE,LSI_VALUE,MCO2PinFreq_Value,PLLCLKFreq_Value,PLLM,PLLN,PLLQCLKFreq_Value,PLLSourceVirtual,RTCFreq_Value,RTCHSEDivFreq_Value,SYSCLKFreq_VALUE,SYSCLKSource,VCOI2SOutputFreq_Value,VCOInputFreq_Value,VCOOutputFreq_Value,VcooutputI2S
RCC.LSE_VALUE=32768
RCC.LSI_VALUE=32000
RCC.MCO2PinFreq_Value=168000000
RCC.PLLCLKFreq_Value=168000000
RCC.PLLM=4
RCC.PLLN=168
RCC.PLLQCLKFreq_Value=84000000
RCC.PLLSourceVirtual=RCC_PLLSOURCE_HSE
RCC.RTCFreq_Value=32000
RCC.RTCHSEDivFreq_Value=4000000
RCC.SYSCLKFreq_VALUE=168000000
RCC.SYSCLKSource=RCC_SYSCLKSOURCE_PLLCLK
RCC.VCOI2SOutputFreq_Value=384000000
RCC.VCOInputFreq_Value=2000000
RCC.VCOOutputFreq_Value=336000000
RCC.VcooutputI2S=192000000
SH.ADCx_IN0.0=ADC1_IN0,IN0
SH.ADCx_IN0.ConfNb=1
SH.ADCx_IN1.0=ADC2_IN1,IN1
SH.ADCx_IN1.ConfNb=1
TIM3.IPParameters=Prescaler,Period
TIM3.Period=65535
TIM3.Prescaler=83
USART1.IPParameters=VirtualMode
USART1.VirtualMode=VM_ASYNC
VP_SYS_VS_Systick.Mode=SysTick
VP_SYS_VS_Systick.Signal=SYS_VS_Systick
VP_TIM3_VS_ClockSourceINT.Mode=Internal
VP_TIM3_VS_ClockSourceINT.Signal=TIM3_VS_ClockSourceINT
board=ADC
